{
  "name": "write-web",
  "version": "0.1.0",
  "lockfileVersion": 1,
  "requires": true,
  "dependencies": {
    "csv": {
      "version": "2.0.0",
      "resolved": "https://registry.npmjs.org/csv/-/csv-2.0.0.tgz",
      "integrity": "sha1-DVHY+j7OJ4tUCfeVcX/PzVrOmz4=",
      "requires": {
        "csv-generate": "2.0.2",
        "csv-parse": "2.1.0",
        "csv-stringify": "2.0.4",
        "stream-transform": "1.0.2"
      }
    },
    "csv-generate": {
      "version": "2.0.2",
      "resolved": "https://registry.npmjs.org/csv-generate/-/csv-generate-2.0.2.tgz",
      "integrity": "sha512-oyidhQ/sQcqKOyt+hRnL9oiqFFWsEkOwBE7tEV3pwku6dSuFUQqTGfhYXH/HZ3rKy8xBtcrwsspmXVo+LPijuA=="
    },
    "csv-parse": {
      "version": "2.1.0",
      "resolved": "https://registry.npmjs.org/csv-parse/-/csv-parse-2.1.0.tgz",
      "integrity": "sha512-tUTdmYzT0J8gqwmW3nzwKt7hl8AZ0HtEXk6SYgTWX2+3KNFiDVcAYNebBsjeCaGCZrZLHDy+W20voZDY7f/oeA=="
    },
    "csv-stringify": {
      "version": "2.0.4",
      "resolved": "https://registry.npmjs.org/csv-stringify/-/csv-stringify-2.0.4.tgz",
      "integrity": "sha512-rm8JxNYXglaDKExA2KqCKY+jx8qVBSkXm8/bgw2BIyzLq1/qni/QMSPBchAkd8RGsJhMJDQ+ZxikG/Qgvck+gQ==",
      "requires": {
        "lodash.get": "4.4.2"
      }
    },
    "formidable": {
      "version": "1.2.1",
      "resolved": "https://registry.npmjs.org/formidable/-/formidable-1.2.1.tgz",
      "integrity": "sha512-Fs9VRguL0gqGHkXS5GQiMCr1VhZBxz0JnJs4JmMp/2jL18Fmbzvv7vOFRU+U8TBkHEE/CX1qDXzJplVULgsLeg=="
    },
    "lodash.get": {
      "version": "4.4.2",
      "resolved": "https://registry.npmjs.org/lodash.get/-/lodash.get-4.4.2.tgz",
      "integrity": "sha1-LRd/ZS+jHpObRDjVNBSZ36OCXpk="
    },
    "stream-transform": {
      "version": "1.0.2",
      "resolved": "https://registry.npmjs.org/stream-transform/-/stream-transform-1.0.2.tgz",
      "integrity": "sha512-LNcZSF01PZ+bM0OqwPY7UHPiKoxSmLGHAcqakvh01DCU98ONEslLORdyBPdmTqjTpZSfCiaYLV4sci9y5M47oA=="
    },
    "uid-generator": {
      "version": "1.0.0",
      "resolved": "https://registry.npmjs.org/uid-generator/-/uid-generator-1.0.0.tgz",
      "integrity": "sha512-tx0ni0iyF4CZVNP8bAxcK3PNmtQcJPdflpy6lVW1lPIhTEuPoKR+o88auoXi3mFKLZ7nItCeMRp9GyFFbZ4f3w=="
    }
  }
}
